# This file is autogenerated, do not edit; changes may be undone by the next 'dep ensure'.


[[projects]]
  branch = "master"
  name = "github.com/hashicorp/errwrap"
  packages = ["."]
  revision = "d6c0cd88035724dd42e0f335ae30161c20575ecc"

[[projects]]
  branch = "master"
  name = "github.com/hashicorp/go-multierror"
  packages = ["."]
  revision = "3d5d8f294aa03d8e98859feac328afbdf1ae0703"

[[projects]]
  name = "gobot.io/x/gobot"
  packages = ["."]
  revision = "c1d0e3ce485df0b45076d1d93b7d9240b770d5fc"
  version = "1.11.1"

[solve-meta]
  analyzer-name = "dep"
  analyzer-version = 1
  inputs-digest = "057b10837b44330047981b9368cf0f7d286c92872be46840974f3380ff394d20"
  solver-name = "gps-cdcl"
  solver-version = 1
